// !$*UTF8*$!
{
	archiveVersion = 1;
	classes = {
	};
	objectVersion = 51;
	objects = {

/* Begin PBXBuildFile section */
		D6AF54C3D5F140D4CADF3122 /* Pods_earthquakeAlertCenter.framework in Frameworks */ = {isa = PBXBuildFile; fileRef = 288464922885DFE7C6858D95 /* Pods_earthquakeAlertCenter.framework */; };
		DC0F114726D4029D003B6303 /* AppDelegate.swift in Sources */ = {isa = PBXBuildFile; fileRef = DC0F114626D4029D003B6303 /* AppDelegate.swift */; };
		DC0F114926D4029D003B6303 /* SceneDelegate.swift in Sources */ = {isa = PBXBuildFile; fileRef = DC0F114826D4029D003B6303 /* SceneDelegate.swift */; };
		DC0F114B26D4029D003B6303 /* ViewController.swift in Sources */ = {isa = PBXBuildFile; fileRef = DC0F114A26D4029D003B6303 /* ViewController.swift */; };
		DC0F114E26D4029D003B6303 /* Main.storyboard in Resources */ = {isa = PBXBuildFile; fileRef = DC0F114C26D4029D003B6303 /* Main.storyboard */; };
		DC0F115026D4029E003B6303 /* Assets.xcassets in Resources */ = {isa = PBXBuildFile; fileRef = DC0F114F26D4029E003B6303 /* Assets.xcassets */; };
		DC0F115326D4029E003B6303 /* LaunchScreen.storyboard in Resources */ = {isa = PBXBuildFile; fileRef = DC0F115126D4029E003B6303 /* LaunchScreen.storyboard */; };
		DC1AF56926EF9F9200E64CE7 /* DetailVC.swift in Sources */ = {isa = PBXBuildFile; fileRef = DC1AF56826EF9F9200E64CE7 /* DetailVC.swift */; };
		DC4C066726D6BD2D00BCA56C /* Earthquake.swift in Sources */ = {isa = PBXBuildFile; fileRef = DC4C066626D6BD2D00BCA56C /* Earthquake.swift */; };
		DC4C066A26D6BDAF00BCA56C /* customCell.swift in Sources */ = {isa = PBXBuildFile; fileRef = DC4C066826D6BDAF00BCA56C /* customCell.swift */; };
		DC4C066B26D6BDAF00BCA56C /* customCell.xib in Resources */ = {isa = PBXBuildFile; fileRef = DC4C066926D6BDAF00BCA56C /* customCell.xib */; };
		DC69E70E26D65080009C83FB /* AlamofireWebservice.swift in Sources */ = {isa = PBXBuildFile; fileRef = DC69E70D26D65080009C83FB /* AlamofireWebservice.swift */; };
		DC69E71126D650E5009C83FB /* EarthquakeViewModel.swift in Sources */ = {isa = PBXBuildFile; fileRef = DC69E71026D650E5009C83FB /* EarthquakeViewModel.swift */; };
		DCD6259326EF94B300684C3F /* detailView.xib in Resources */ = {isa = PBXBuildFile; fileRef = DCD6259226EF94B300684C3F /* detailView.xib */; };
		DCD6259526EF953C00684C3F /* detailView.swift in Sources */ = {isa = PBXBuildFile; fileRef = DCD6259426EF953C00684C3F /* detailView.swift */; };
/* End PBXBuildFile section */

/* Begin PBXFileReference section */
		288464922885DFE7C6858D95 /* Pods_earthquakeAlertCenter.framework */ = {isa = PBXFileReference; explicitFileType = wrapper.framework; includeInIndex = 0; path = Pods_earthquakeAlertCenter.framework; sourceTree = BUILT_PRODUCTS_DIR; };
		38B8975CEFC4B60DB25D02BC /* Pods-earthquakeAlertCenter.debug.xcconfig */ = {isa = PBXFileReference; includeInIndex = 1; lastKnownFileType = text.xcconfig; name = "Pods-earthquakeAlertCenter.debug.xcconfig"; path = "Target Support Files/Pods-earthquakeAlertCenter/Pods-earthquakeAlertCenter.debug.xcconfig"; sourceTree = "<group>"; };
		B0E2CFAF4FA09DD84EA0A066 /* Pods-earthquakeAlertCenter.release.xcconfig */ = {isa = PBXFileReference; includeInIndex = 1; lastKnownFileType = text.xcconfig; name = "Pods-earthquakeAlertCenter.release.xcconfig"; path = "Target Support Files/Pods-earthquakeAlertCenter/Pods-earthquakeAlertCenter.release.xcconfig"; sourceTree = "<group>"; };
		DC0F114326D4029D003B6303 /* earthquakeAlertCenter.app */ = {isa = PBXFileReference; explicitFileType = wrapper.application; includeInIndex = 0; path = earthquakeAlertCenter.app; sourceTree = BUILT_PRODUCTS_DIR; };
		DC0F114626D4029D003B6303 /* AppDelegate.swift */ = {isa = PBXFileReference; lastKnownFileType = sourcecode.swift; path = AppDelegate.swift; sourceTree = "<group>"; };
		DC0F114826D4029D003B6303 /* SceneDelegate.swift */ = {isa = PBXFileReference; lastKnownFileType = sourcecode.swift; path = SceneDelegate.swift; sourceTree = "<group>"; };
		DC0F114A26D4029D003B6303 /* ViewController.swift */ = {isa = PBXFileReference; lastKnownFileType = sourcecode.swift; path = ViewController.swift; sourceTree = "<group>"; };
		DC0F114D26D4029D003B6303 /* Base */ = {isa = PBXFileReference; lastKnownFileType = file.storyboard; name = Base; path = Base.lproj/Main.storyboard; sourceTree = "<group>"; };
		DC0F114F26D4029E003B6303 /* Assets.xcassets */ = {isa = PBXFileReference; lastKnownFileType = folder.assetcatalog; path = Assets.xcassets; sourceTree = "<group>"; };
		DC0F115226D4029E003B6303 /* Base */ = {isa = PBXFileReference; lastKnownFileType = file.storyboard; name = Base; path = Base.lproj/LaunchScreen.storyboard; sourceTree = "<group>"; };
		DC0F115426D4029E003B6303 /* Info.plist */ = {isa = PBXFileReference; lastKnownFileType = text.plist.xml; path = Info.plist; sourceTree = "<group>"; };
		DC1AF56826EF9F9200E64CE7 /* DetailVC.swift */ = {isa = PBXFileReference; lastKnownFileType = sourcecode.swift; path = DetailVC.swift; sourceTree = "<group>"; };
		DC4C066626D6BD2D00BCA56C /* Earthquake.swift */ = {isa = PBXFileReference; lastKnownFileType = sourcecode.swift; path = Earthquake.swift; sourceTree = "<group>"; };
		DC4C066826D6BDAF00BCA56C /* customCell.swift */ = {isa = PBXFileReference; lastKnownFileType = sourcecode.swift; path = customCell.swift; sourceTree = "<group>"; };
		DC4C066926D6BDAF00BCA56C /* customCell.xib */ = {isa = PBXFileReference; lastKnownFileType = file.xib; path = customCell.xib; sourceTree = "<group>"; };
		DC69E70D26D65080009C83FB /* AlamofireWebservice.swift */ = {isa = PBXFileReference; lastKnownFileType = sourcecode.swift; path = AlamofireWebservice.swift; sourceTree = "<group>"; };
		DC69E71026D650E5009C83FB /* EarthquakeViewModel.swift */ = {isa = PBXFileReference; lastKnownFileType = sourcecode.swift; path = EarthquakeViewModel.swift; sourceTree = "<group>"; };
		DCD6259226EF94B300684C3F /* detailView.xib */ = {isa = PBXFileReference; lastKnownFileType = file.xib; path = detailView.xib; sourceTree = "<group>"; };
		DCD6259426EF953C00684C3F /* detailView.swift */ = {isa = PBXFileReference; lastKnownFileType = sourcecode.swift; path = detailView.swift; sourceTree = "<group>"; };
/* End PBXFileReference section */

/* Begin PBXFrameworksBuildPhase section */
		DC0F114026D4029D003B6303 /* Frameworks */ = {
			isa = PBXFrameworksBuildPhase;
			buildActionMask = 2147483647;
			files = (
				D6AF54C3D5F140D4CADF3122 /* Pods_earthquakeAlertCenter.framework in Frameworks */,
			);
			runOnlyForDeploymentPostprocessing = 0;
		};
/* End PBXFrameworksBuildPhase section */

/* Begin PBXGroup section */
		535B38024909A4D34342FE24 /* Frameworks */ = {
			isa = PBXGroup;
			children = (
				DC0F114426D4029D003B6303 /* Products */,
				288464922885DFE7C6858D95 /* Pods_earthquakeAlertCenter.framework */,
			);
			name = Frameworks;
			sourceTree = "<group>";
		};
		DC0F113A26D4029D003B6303 = {
			isa = PBXGroup;
			children = (
				DC0F114526D4029D003B6303 /* earthquakeAlertCenter */,
				F3C077F56389F05CAEDCE6F4 /* Pods */,
				535B38024909A4D34342FE24 /* Frameworks */,
			);
			sourceTree = "<group>";
		};
		DC0F114426D4029D003B6303 /* Products */ = {
			isa = PBXGroup;
			children = (
				DC0F114326D4029D003B6303 /* earthquakeAlertCenter.app */,
			);
			name = Products;
			sourceTree = "<group>";
		};
		DC0F114526D4029D003B6303 /* earthquakeAlertCenter */ = {
			isa = PBXGroup;
			children = (
				DC69E71226D650F8009C83FB /* Model */,
				DC69E70C26D6505B009C83FB /* Service */,
				DC69E70F26D6508B009C83FB /* ViewModel */,
				DC69E70B26D65027009C83FB /* View */,
				DC0F114F26D4029E003B6303 /* Assets.xcassets */,
				DC0F115426D4029E003B6303 /* Info.plist */,
				DCCCAB4C26E123460049A4C1 /* Other */,
			);
			path = earthquakeAlertCenter;
			sourceTree = "<group>";
		};
		DC69E70B26D65027009C83FB /* View */ = {
			isa = PBXGroup;
			children = (
				DCD6259726EF965100684C3F /* Detail */,
				DCD6259626EF963800684C3F /* Cell */,
				DC0F114A26D4029D003B6303 /* ViewController.swift */,
				DC0F114C26D4029D003B6303 /* Main.storyboard */,
			);
			path = View;
			sourceTree = "<group>";
		};
		DC69E70C26D6505B009C83FB /* Service */ = {
			isa = PBXGroup;
			children = (
				DC69E70D26D65080009C83FB /* AlamofireWebservice.swift */,
			);
			path = Service;
			sourceTree = "<group>";
		};
		DC69E70F26D6508B009C83FB /* ViewModel */ = {
			isa = PBXGroup;
			children = (
				DC69E71026D650E5009C83FB /* EarthquakeViewModel.swift */,
			);
			path = ViewModel;
			sourceTree = "<group>";
		};
		DC69E71226D650F8009C83FB /* Model */ = {
			isa = PBXGroup;
			children = (
				DC4C066626D6BD2D00BCA56C /* Earthquake.swift */,
			);
			path = Model;
			sourceTree = "<group>";
		};
		DCCCAB4C26E123460049A4C1 /* Other */ = {
			isa = PBXGroup;
			children = (
				DC0F115126D4029E003B6303 /* LaunchScreen.storyboard */,
				DC0F114826D4029D003B6303 /* SceneDelegate.swift */,
				DC0F114626D4029D003B6303 /* AppDelegate.swift */,
			);
			path = Other;
			sourceTree = "<group>";
		};
		DCD6259626EF963800684C3F /* Cell */ = {
			isa = PBXGroup;
			children = (
				DC4C066826D6BDAF00BCA56C /* customCell.swift */,
				DC4C066926D6BDAF00BCA56C /* customCell.xib */,
			);
			path = Cell;
			sourceTree = "<group>";
		};
		DCD6259726EF965100684C3F /* Detail */ = {
			isa = PBXGroup;
			children = (
				DC1AF56826EF9F9200E64CE7 /* DetailVC.swift */,
				DCD6259226EF94B300684C3F /* detailView.xib */,
				DCD6259426EF953C00684C3F /* detailView.swift */,
			);
			path = Detail;
			sourceTree = "<group>";
		};
		F3C077F56389F05CAEDCE6F4 /* Pods */ = {
			isa = PBXGroup;
			children = (
				38B8975CEFC4B60DB25D02BC /* Pods-earthquakeAlertCenter.debug.xcconfig */,
				B0E2CFAF4FA09DD84EA0A066 /* Pods-earthquakeAlertCenter.release.xcconfig */,
			);
			path = Pods;
			sourceTree = "<group>";
		};
/* End PBXGroup section */

/* Begin PBXNativeTarget section */
		DC0F114226D4029D003B6303 /* earthquakeAlertCenter */ = {
			isa = PBXNativeTarget;
			buildConfigurationList = DC0F115726D4029E003B6303 /* Build configuration list for PBXNativeTarget "earthquakeAlertCenter" */;
			buildPhases = (
				AABD03156CEEAA91D18E029D /* [CP] Check Pods Manifest.lock */,
				DC0F113F26D4029D003B6303 /* Sources */,
				DC0F114026D4029D003B6303 /* Frameworks */,
				DC0F114126D4029D003B6303 /* Resources */,
				2478295EE866945FCF9E66DE /* [CP] Embed Pods Frameworks */,
			);
			buildRules = (
			);
			dependencies = (
			);
			name = earthquakeAlertCenter;
			productName = earthquakeAlertCenter;
			productReference = DC0F114326D4029D003B6303 /* earthquakeAlertCenter.app */;
			productType = "com.apple.product-type.application";
		};
/* End PBXNativeTarget section */

/* Begin PBXProject section */
		DC0F113B26D4029D003B6303 /* Project object */ = {
			isa = PBXProject;
			attributes = {
				LastSwiftUpdateCheck = 1250;
				LastUpgradeCheck = 1250;
				TargetAttributes = {
					DC0F114226D4029D003B6303 = {
						CreatedOnToolsVersion = 12.5.1;
					};
				};
			};
			buildConfigurationList = DC0F113E26D4029D003B6303 /* Build configuration list for PBXProject "earthquakeAlertCenter" */;
			compatibilityVersion = "Xcode 9.3";
			developmentRegion = en;
			hasScannedForEncodings = 0;
			knownRegions = (
				en,
				Base,
			);
			mainGroup = DC0F113A26D4029D003B6303;
			productRefGroup = DC0F114426D4029D003B6303 /* Products */;
			projectDirPath = "";
			projectRoot = "";
			targets = (
				DC0F114226D4029D003B6303 /* earthquakeAlertCenter */,
			);
		};
/* End PBXProject section */

/* Begin PBXResourcesBuildPhase section */
		DC0F114126D4029D003B6303 /* Resources */ = {
			isa = PBXResourcesBuildPhase;
			buildActionMask = 2147483647;
			files = (
				DC0F115326D4029E003B6303 /* LaunchScreen.storyboard in Resources */,
				DC0F115026D4029E003B6303 /* Assets.xcassets in Resources */,
				DC4C066B26D6BDAF00BCA56C /* customCell.xib in Resources */,
				DC0F114E26D4029D003B6303 /* Main.storyboard in Resources */,
				DCD6259326EF94B300684C3F /* detailView.xib in Resources */,
			);
			runOnlyForDeploymentPostprocessing = 0;
		};
/* End PBXResourcesBuildPhase section */

/* Begin PBXShellScriptBuildPhase section */
		2478295EE866945FCF9E66DE /* [CP] Embed Pods Frameworks */ = {
			isa = PBXShellScriptBuildPhase;
			buildActionMask = 2147483647;
			files = (
			);
			inputFileListPaths = (
				"${PODS_ROOT}/Target Support Files/Pods-earthquakeAlertCenter/Pods-earthquakeAlertCenter-frameworks-${CONFIGURATION}-input-files.xcfilelist",
			);
			name = "[CP] Embed Pods Frameworks";
			outputFileListPaths = (
				"${PODS_ROOT}/Target Support Files/Pods-earthquakeAlertCenter/Pods-earthquakeAlertCenter-frameworks-${CONFIGURATION}-output-files.xcfilelist",
			);
			runOnlyForDeploymentPostprocessing = 0;
			shellPath = /bin/sh;
			shellScript = "\"${PODS_ROOT}/Target Support Files/Pods-earthquakeAlertCenter/Pods-earthquakeAlertCenter-frameworks.sh\"\n";
			showEnvVarsInLog = 0;
		};
		AABD03156CEEAA91D18E029D /* [CP] Check Pods Manifest.lock */ = {
			isa = PBXShellScriptBuildPhase;
			buildActionMask = 2147483647;
			files = (
			);
			inputFileListPaths = (
			);
			inputPaths = (
				"${PODS_PODFILE_DIR_PATH}/Podfile.lock",
				"${PODS_ROOT}/Manifest.lock",
			);
			name = "[CP] Check Pods Manifest.lock";
			outputFileListPaths = (
			);
			outputPaths = (
				"$(DERIVED_FILE_DIR)/Pods-earthquakeAlertCenter-checkManifestLockResult.txt",
			);
			runOnlyForDeploymentPostprocessing = 0;
			shellPath = /bin/sh;
			shellScript = "diff \"${PODS_PODFILE_DIR_PATH}/Podfile.lock\" \"${PODS_ROOT}/Manifest.lock\" > /dev/null\nif [ $? != 0 ] ; then\n    # print error to STDERR\n    echo \"error: The sandbox is not in sync with the Podfile.lock. Run 'pod install' or update your CocoaPods installation.\" >&2\n    exit 1\nfi\n# This output is used by Xcode 'outputs' to avoid re-running this script phase.\necho \"SUCCESS\" > \"${SCRIPT_OUTPUT_FILE_0}\"\n";
			showEnvVarsInLog = 0;
		};
/* End PBXShellScriptBuildPhase section */

/* Begin PBXSourcesBuildPhase section */
		DC0F113F26D4029D003B6303 /* Sources */ = {
			isa = PBXSourcesBuildPhase;
			buildActionMask = 2147483647;
			files = (
				DC0F114B26D4029D003B6303 /* ViewController.swift in Sources */,
				DCD6259526EF953C00684C3F /* detailView.swift in Sources */,
				DC0F114726D4029D003B6303 /* AppDelegate.swift in Sources */,
				DC4C066A26D6BDAF00BCA56C /* customCell.swift in Sources */,
				DC69E70E26D65080009C83FB /* AlamofireWebservice.swift in Sources */,
				DC1AF56926EF9F9200E64CE7 /* DetailVC.swift in Sources */,
				DC69E71126D650E5009C83FB /* EarthquakeViewModel.swift in Sources */,
				DC4C066726D6BD2D00BCA56C /* Earthquake.swift in Sources */,
				DC0F114926D4029D003B6303 /* SceneDelegate.swift in Sources */,
			);
			runOnlyForDeploymentPostprocessing = 0;
		};
/* End PBXSourcesBuildPhase section */

/* Begin PBXVariantGroup section */
		DC0F114C26D4029D003B6303 /* Main.storyboard */ = {
			isa = PBXVariantGroup;
			children = (
				DC0F114D26D4029D003B6303 /* Base */,
			);
			name = Main.storyboard;
			sourceTree = "<group>";
		};
		DC0F115126D4029E003B6303 /* LaunchScreen.storyboard */ = {
			isa = PBXVariantGroup;
			children = (
				DC0F115226D4029E003B6303 /* Base */,
			);
			name = LaunchScreen.storyboard;
			sourceTree = "<group>";
		};
/* End PBXVariantGroup section */

/* Begin XCBuildConfiguration section */
		DC0F115526D4029E003B6303 /* Debug */ = {
			isa = XCBuildConfiguration;
			buildSettings = {
				ALWAYS_SEARCH_USER_PATHS = NO;
				CLANG_ANALYZER_NONNULL = YES;
				CLANG_ANALYZER_NUMBER_OBJECT_CONVERSION = YES_AGGRESSIVE;
				CLANG_CXX_LANGUAGE_STANDARD = "gnu++14";
				CLANG_CXX_LIBRARY = "libc++";
				CLANG_ENABLE_MODULES = YES;
				CLANG_ENABLE_OBJC_ARC = YES;
				CLANG_ENABLE_OBJC_WEAK = YES;
				CLANG_WARN_BLOCK_CAPTURE_AUTORELEASING = YES;
				CLANG_WARN_BOOL_CONVERSION = YES;
				CLANG_WARN_COMMA = YES;
				CLANG_WARN_CONSTANT_CONVERSION = YES;
				CLANG_WARN_DEPRECATED_OBJC_IMPLEMENTATIONS = YES;
				CLANG_WARN_DIRECT_OBJC_ISA_USAGE = YES_ERROR;
				CLANG_WARN_DOCUMENTATION_COMMENTS = YES;
				CLANG_WARN_EMPTY_BODY = YES;
				CLANG_WARN_ENUM_CONVERSION = YES;
				CLANG_WARN_INFINITE_RECURSION = YES;
				CLANG_WARN_INT_CONVERSION = YES;
				CLANG_WARN_NON_LITERAL_NULL_CONVERSION = YES;
				CLANG_WARN_OBJC_IMPLICIT_RETAIN_SELF = YES;
				CLANG_WARN_OBJC_LITERAL_CONVERSION = YES;
				CLANG_WARN_OBJC_ROOT_CLASS = YES_ERROR;
				CLANG_WARN_QUOTED_INCLUDE_IN_FRAMEWORK_HEADER = YES;
				CLANG_WARN_RANGE_LOOP_ANALYSIS = YES;
				CLANG_WARN_STRICT_PROTOTYPES = YES;
				CLANG_WARN_SUSPICIOUS_MOVE = YES;
				CLANG_WARN_UNGUARDED_AVAILABILITY = YES_AGGRESSIVE;
				CLANG_WARN_UNREACHABLE_CODE = YES;
				CLANG_WARN__DUPLICATE_METHOD_MATCH = YES;
				COPY_PHASE_STRIP = NO;
				DEBUG_INFORMATION_FORMAT = dwarf;
				ENABLE_STRICT_OBJC_MSGSEND = YES;
				ENABLE_TESTABILITY = YES;
				GCC_C_LANGUAGE_STANDARD = gnu11;
				GCC_DYNAMIC_NO_PIC = NO;
				GCC_NO_COMMON_BLOCKS = YES;
				GCC_OPTIMIZATION_LEVEL = 0;
				GCC_PREPROCESSOR_DEFINITIONS = (
					"DEBUG=1",
					"$(inherited)",
				);
				GCC_WARN_64_TO_32_BIT_CONVERSION = YES;
				GCC_WARN_ABOUT_RETURN_TYPE = YES_ERROR;
				GCC_WARN_UNDECLARED_SELECTOR = YES;
				GCC_WARN_UNINITIALIZED_AUTOS = YES_AGGRESSIVE;
				GCC_WARN_UNUSED_FUNCTION = YES;
				GCC_WARN_UNUSED_VARIABLE = YES;
				INFOPLIST_FILE = "";
				"INFOPLIST_FILE[sdk=*]" = earthquakeAlertCenter/Users/furkan/Desktop/earthquakeAlertCenter/earthquakeAlertCenter/Info.plist;
				IPHONEOS_DEPLOYMENT_TARGET = 14.5;
				MTL_ENABLE_DEBUG_INFO = INCLUDE_SOURCE;
				MTL_FAST_MATH = YES;
				ONLY_ACTIVE_ARCH = YES;
				SDKROOT = iphoneos;
				SWIFT_ACTIVE_COMPILATION_CONDITIONS = DEBUG;
				SWIFT_OPTIMIZATION_LEVEL = "-Onone";
			};
			name = Debug;
		};
		DC0F115626D4029E003B6303 /* Release */ = {
			isa = XCBuildConfiguration;
			buildSettings = {
				ALWAYS_SEARCH_USER_PATHS = NO;
				CLANG_ANALYZER_NONNULL = YES;
				CLANG_ANALYZER_NUMBER_OBJECT_CONVERSION = YES_AGGRESSIVE;
				CLANG_CXX_LANGUAGE_STANDARD = "gnu++14";
				CLANG_CXX_LIBRARY = "libc++";
				CLANG_ENABLE_MODULES = YES;
				CLANG_ENABLE_OBJC_ARC = YES;
				CLANG_ENABLE_OBJC_WEAK = YES;
				CLANG_WARN_BLOCK_CAPTURE_AUTORELEASING = YES;
				CLANG_WARN_BOOL_CONVERSION = YES;
				CLANG_WARN_COMMA = YES;
				CLANG_WARN_CONSTANT_CONVERSION = YES;
				CLANG_WARN_DEPRECATED_OBJC_IMPLEMENTATIONS = YES;
				CLANG_WARN_DIRECT_OBJC_ISA_USAGE = YES_ERROR;
				CLANG_WARN_DOCUMENTATION_COMMENTS = YES;
				CLANG_WARN_EMPTY_BODY = YES;
				CLANG_WARN_ENUM_CONVERSION = YES;
				CLANG_WARN_INFINITE_RECURSION = YES;
				CLANG_WARN_INT_CONVERSION = YES;
				CLANG_WARN_NON_LITERAL_NULL_CONVERSION = YES;
				CLANG_WARN_OBJC_IMPLICIT_RETAIN_SELF = YES;
				CLANG_WARN_OBJC_LITERAL_CONVERSION = YES;
				CLANG_WARN_OBJC_ROOT_CLASS = YES_ERROR;
				CLANG_WARN_QUOTED_INCLUDE_IN_FRAMEWORK_HEADER = YES;
				CLANG_WARN_RANGE_LOOP_ANALYSIS = YES;
				CLANG_WARN_STRICT_PROTOTYPES = YES;
				CLANG_WARN_SUSPICIOUS_MOVE = YES;
				CLANG_WARN_UNGUARDED_AVAILABILITY = YES_AGGRESSIVE;
				CLANG_WARN_UNREACHABLE_CODE = YES;
				CLANG_WARN__DUPLICATE_METHOD_MATCH = YES;
				COPY_PHASE_STRIP = NO;
				DEBUG_INFORMATION_FORMAT = "dwarf-with-dsym";
				ENABLE_NS_ASSERTIONS = NO;
				ENABLE_STRICT_OBJC_MSGSEND = YES;
				GCC_C_LANGUAGE_STANDARD = gnu11;
				GCC_NO_COMMON_BLOCKS = YES;
				GCC_WARN_64_TO_32_BIT_CONVERSION = YES;
				GCC_WARN_ABOUT_RETURN_TYPE = YES_ERROR;
				GCC_WARN_UNDECLARED_SELECTOR = YES;
				GCC_WARN_UNINITIALIZED_AUTOS = YES_AGGRESSIVE;
				GCC_WARN_UNUSED_FUNCTION = YES;
				GCC_WARN_UNUSED_VARIABLE = YES;
				INFOPLIST_FILE = "";
				"INFOPLIST_FILE[sdk=*]" = earthquakeAlertCenter/Users/furkan/Desktop/earthquakeAlertCenter/earthquakeAlertCenter/Info.plist;
				IPHONEOS_DEPLOYMENT_TARGET = 14.5;
				MTL_ENABLE_DEBUG_INFO = NO;
				MTL_FAST_MATH = YES;
				SDKROOT = iphoneos;
				SWIFT_COMPILATION_MODE = wholemodule;
				SWIFT_OPTIMIZATION_LEVEL = "-O";
				VALIDATE_PRODUCT = YES;
			};
			name = Release;
		};
		DC0F115826D4029E003B6303 /* Debug */ = {
			isa = XCBuildConfiguration;
			baseConfigurationReference = 38B8975CEFC4B60DB25D02BC /* Pods-earthquakeAlertCenter.debug.xcconfig */;
			buildSettings = {
				ASSETCATALOG_COMPILER_APPICON_NAME = AppIcon;
				ASSETCATALOG_COMPILER_GLOBAL_ACCENT_COLOR_NAME = AccentColor;
				CODE_SIGN_STYLE = Automatic;
				DEVELOPMENT_TEAM = NVN42XWXC5;
				INFOPLIST_FILE = earthquakeAlertCenter/Info.plist;
				LD_RUNPATH_SEARCH_PATHS = (
					"$(inherited)",
					"@executable_path/Frameworks",
				);
				PRODUCT_BUNDLE_IDENTIFIER = com.furkanerzurumlu.earthquakeAlertCenter;
				PRODUCT_NAME = "$(TARGET_NAME)";
				SWIFT_VERSION = 5.0;
				TARGETED_DEVICE_FAMILY = "1,2";
			};
			name = Debug;
		};
		DC0F115926D4029E003B6303 /* Release */ = {
			isa = XCBuildConfiguration;
			baseConfigurationReference = B0E2CFAF4FA09DD84EA0A066 /* Pods-earthquakeAlertCenter.release.xcconfig */;
			buildSettings = {
				ASSETCATALOG_COMPILER_APPICON_NAME = AppIcon;
				ASSETCATALOG_COMPILER_GLOBAL_ACCENT_COLOR_NAME = AccentColor;
				CODE_SIGN_STYLE = Automatic;
				DEVELOPMENT_TEAM = NVN42XWXC5;
				INFOPLIST_FILE = earthquakeAlertCenter/Info.plist;
				LD_RUNPATH_SEARCH_PATHS = (
					"$(inherited)",
					"@executable_path/Frameworks",
				);
				PRODUCT_BUNDLE_IDENTIFIER = com.furkanerzurumlu.earthquakeAlertCenter;
				PRODUCT_NAME = "$(TARGET_NAME)";
				SWIFT_VERSION = 5.0;
				TARGETED_DEVICE_FAMILY = "1,2";
			};
			name = Release;
		};
/* End XCBuildConfiguration section */

/* Begin XCConfigurationList section */
		DC0F113E26D4029D003B6303 /* Build configuration list for PBXProject "earthquakeAlertCenter" */ = {
			isa = XCConfigurationList;
			buildConfigurations = (
				DC0F115526D4029E003B6303 /* Debug */,
				DC0F115626D4029E003B6303 /* Release */,
			);
			defaultConfigurationIsVisible = 0;
			defaultConfigurationName = Release;
		};
		DC0F115726D4029E003B6303 /* Build configuration list for PBXNativeTarget "earthquakeAlertCenter" */ = {
			isa = XCConfigurationList;
			buildConfigurations = (
				DC0F115826D4029E003B6303 /* Debug */,
				DC0F115926D4029E003B6303 /* Release */,
			);
			defaultConfigurationIsVisible = 0;
			defaultConfigurationName = Release;
		};
/* End XCConfigurationList section */
	};
	rootObject = DC0F113B26D4029D003B6303 /* Project object */;
}
